
Microsoft Visual Studio Solution File, Format Version 12.00
# Visual Studio Version 17
VisualStudioVersion = 17.9.34607.119
MinimumVisualStudioVersion = 10.0.40219.1
Project("{FAE04EC0-301F-11D3-BF4B-00C04F79EFBC}") = "vizgözjeg", "vizgözjeg.csproj", "{42ABC514-AF99-4AD0-AF7A-892314F1822B}"
EndProject
Global
	GlobalSection(SolutionConfigurationPlatforms) = preSolution
		Debug|Any CPU = Debug|Any CPU
		Release|Any CPU = Release|Any CPU
	EndGlobalSection
	GlobalSection(ProjectConfigurationPlatforms) = postSolution
		{42ABC514-AF99-4AD0-AF7A-892314F1822B}.Debug|Any CPU.ActiveCfg = Debug|Any CPU
		{42ABC514-AF99-4AD0-AF7A-892314F1822B}.Debug|Any CPU.Build.0 = Debug|Any CPU
		{42ABC514-AF99-4AD0-AF7A-892314F1822B}.Release|Any CPU.ActiveCfg = Release|Any CPU
		{42ABC514-AF99-4AD0-AF7A-892314F1822B}.Release|Any CPU.Build.0 = Release|Any CPU
	EndGlobalSection
	GlobalSection(SolutionProperties) = preSolution
		HideSolutionNode = FALSE
	EndGlobalSection
	GlobalSection(ExtensibilityGlobals) = postSolution
		SolutionGuid = {94DC051D-AE64-4A03-B2B7-A287D5CE7C7A}
	EndGlobalSection
EndGlobal
